
Microsoft Visual Studio Solution File, Format Version 12.00
# Visual Studio 15
VisualStudioVersion = 15.0.28307.438
MinimumVisualStudioVersion = 10.0.40219.1
Project("{FAE04EC0-301F-11D3-BF4B-00C04F79EFBC}") = "CS2GDScript", "CS2GDScript.csproj", "{A845DB9C-E57F-46F5-924A-39199D43674C}"
EndProject
Global
	GlobalSection(SolutionConfigurationPlatforms) = preSolution
		Debug|Any CPU = Debug|Any CPU
		Release|Any CPU = Release|Any CPU
	EndGlobalSection
	GlobalSection(ProjectConfigurationPlatforms) = postSolution
		{A845DB9C-E57F-46F5-924A-39199D43674C}.Debug|Any CPU.ActiveCfg = Debug|Any CPU
		{A845DB9C-E57F-46F5-924A-39199D43674C}.Debug|Any CPU.Build.0 = Debug|Any CPU
		{A845DB9C-E57F-46F5-924A-39199D43674C}.Release|Any CPU.ActiveCfg = Release|Any CPU
		{A845DB9C-E57F-46F5-924A-39199D43674C}.Release|Any CPU.Build.0 = Release|Any CPU
	EndGlobalSection
	GlobalSection(SolutionProperties) = preSolution
		HideSolutionNode = FALSE
	EndGlobalSection
	GlobalSection(ExtensibilityGlobals) = postSolution
		SolutionGuid = {00EA3CCA-9B05-492E-ADD2-202CDCC672CE}
	EndGlobalSection
EndGlobal
